
Microsoft Visual Studio Solution File, Format Version 12.00
# Visual Studio 15
VisualStudioVersion = 15.0.28010.2036
MinimumVisualStudioVersion = 10.0.40219.1
Project("{8BC9CEB8-8B4A-11D0-8D11-00A0C91BC942}") = "basictextures", "basictextures\basictextures.vcxproj", "{73C07A2C-1FE0-49EF-ABAB-397FEEEB8CAF}"
EndProject
Project("{8BC9CEB8-8B4A-11D0-8D11-00A0C91BC942}") = "flippedface", "flippedface\flippedface.vcxproj", "{4787C2AC-394A-48D9-9326-F5BE937FD78E}"
EndProject
Project("{8BC9CEB8-8B4A-11D0-8D11-00A0C91BC942}") = "multiplefaces", "multiplefaces\multiplefaces.vcxproj", "{94A1C819-6835-44FF-A074-51CDDAF22903}"
EndProject
Project("{8BC9CEB8-8B4A-11D0-8D11-00A0C91BC942}") = "centeroftexture", "centeroftexture\centeroftexture.vcxproj", "{41D986D6-8128-4B7B-BED8-E3FC5FBEF7C6}"
EndProject
Project("{8BC9CEB8-8B4A-11D0-8D11-00A0C91BC942}") = "transparencies", "transparencies\transparencies.vcxproj", "{B98131C8-69AF-4086-B42C-5E3B9A19ACF6}"
EndProject
Global
	GlobalSection(SolutionConfigurationPlatforms) = preSolution
		Debug|x64 = Debug|x64
		Debug|x86 = Debug|x86
		Release|x64 = Release|x64
		Release|x86 = Release|x86
	EndGlobalSection
	GlobalSection(ProjectConfigurationPlatforms) = postSolution
		{73C07A2C-1FE0-49EF-ABAB-397FEEEB8CAF}.Debug|x64.ActiveCfg = Debug|x64
		{73C07A2C-1FE0-49EF-ABAB-397FEEEB8CAF}.Debug|x64.Build.0 = Debug|x64
		{73C07A2C-1FE0-49EF-ABAB-397FEEEB8CAF}.Debug|x86.ActiveCfg = Debug|Win32
		{73C07A2C-1FE0-49EF-ABAB-397FEEEB8CAF}.Debug|x86.Build.0 = Debug|Win32
		{73C07A2C-1FE0-49EF-ABAB-397FEEEB8CAF}.Release|x64.ActiveCfg = Release|x64
		{73C07A2C-1FE0-49EF-ABAB-397FEEEB8CAF}.Release|x64.Build.0 = Release|x64
		{73C07A2C-1FE0-49EF-ABAB-397FEEEB8CAF}.Release|x86.ActiveCfg = Release|Win32
		{73C07A2C-1FE0-49EF-ABAB-397FEEEB8CAF}.Release|x86.Build.0 = Release|Win32
		{4787C2AC-394A-48D9-9326-F5BE937FD78E}.Debug|x64.ActiveCfg = Debug|x64
		{4787C2AC-394A-48D9-9326-F5BE937FD78E}.Debug|x64.Build.0 = Debug|x64
		{4787C2AC-394A-48D9-9326-F5BE937FD78E}.Debug|x86.ActiveCfg = Debug|Win32
		{4787C2AC-394A-48D9-9326-F5BE937FD78E}.Debug|x86.Build.0 = Debug|Win32
		{4787C2AC-394A-48D9-9326-F5BE937FD78E}.Release|x64.ActiveCfg = Release|x64
		{4787C2AC-394A-48D9-9326-F5BE937FD78E}.Release|x64.Build.0 = Release|x64
		{4787C2AC-394A-48D9-9326-F5BE937FD78E}.Release|x86.ActiveCfg = Release|Win32
		{4787C2AC-394A-48D9-9326-F5BE937FD78E}.Release|x86.Build.0 = Release|Win32
		{94A1C819-6835-44FF-A074-51CDDAF22903}.Debug|x64.ActiveCfg = Debug|x64
		{94A1C819-6835-44FF-A074-51CDDAF22903}.Debug|x64.Build.0 = Debug|x64
		{94A1C819-6835-44FF-A074-51CDDAF22903}.Debug|x86.ActiveCfg = Debug|Win32
		{94A1C819-6835-44FF-A074-51CDDAF22903}.Debug|x86.Build.0 = Debug|Win32
		{94A1C819-6835-44FF-A074-51CDDAF22903}.Release|x64.ActiveCfg = Release|x64
		{94A1C819-6835-44FF-A074-51CDDAF22903}.Release|x64.Build.0 = Release|x64
		{94A1C819-6835-44FF-A074-51CDDAF22903}.Release|x86.ActiveCfg = Release|Win32
		{94A1C819-6835-44FF-A074-51CDDAF22903}.Release|x86.Build.0 = Release|Win32
		{41D986D6-8128-4B7B-BED8-E3FC5FBEF7C6}.Debug|x64.ActiveCfg = Debug|x64
		{41D986D6-8128-4B7B-BED8-E3FC5FBEF7C6}.Debug|x64.Build.0 = Debug|x64
		{41D986D6-8128-4B7B-BED8-E3FC5FBEF7C6}.Debug|x86.ActiveCfg = Debug|Win32
		{41D986D6-8128-4B7B-BED8-E3FC5FBEF7C6}.Debug|x86.Build.0 = Debug|Win32
		{41D986D6-8128-4B7B-BED8-E3FC5FBEF7C6}.Release|x64.ActiveCfg = Release|x64
		{41D986D6-8128-4B7B-BED8-E3FC5FBEF7C6}.Release|x64.Build.0 = Release|x64
		{41D986D6-8128-4B7B-BED8-E3FC5FBEF7C6}.Release|x86.ActiveCfg = Release|Win32
		{41D986D6-8128-4B7B-BED8-E3FC5FBEF7C6}.Release|x86.Build.0 = Release|Win32
		{B98131C8-69AF-4086-B42C-5E3B9A19ACF6}.Debug|x64.ActiveCfg = Debug|x64
		{B98131C8-69AF-4086-B42C-5E3B9A19ACF6}.Debug|x64.Build.0 = Debug|x64
		{B98131C8-69AF-4086-B42C-5E3B9A19ACF6}.Debug|x86.ActiveCfg = Debug|Win32
		{B98131C8-69AF-4086-B42C-5E3B9A19ACF6}.Debug|x86.Build.0 = Debug|Win32
		{B98131C8-69AF-4086-B42C-5E3B9A19ACF6}.Release|x64.ActiveCfg = Release|x64
		{B98131C8-69AF-4086-B42C-5E3B9A19ACF6}.Release|x64.Build.0 = Release|x64
		{B98131C8-69AF-4086-B42C-5E3B9A19ACF6}.Release|x86.ActiveCfg = Release|Win32
		{B98131C8-69AF-4086-B42C-5E3B9A19ACF6}.Release|x86.Build.0 = Release|Win32
	EndGlobalSection
	GlobalSection(SolutionProperties) = preSolution
		HideSolutionNode = FALSE
	EndGlobalSection
	GlobalSection(ExtensibilityGlobals) = postSolution
		SolutionGuid = {D51AD9AC-9F97-4A4D-856B-338FC926243D}
	EndGlobalSection
EndGlobal
