
Microsoft Visual Studio Solution File, Format Version 12.00
# Visual Studio 15
VisualStudioVersion = 15.0.28010.2026
MinimumVisualStudioVersion = 10.0.40219.1
Project("{8BC9CEB8-8B4A-11D0-8D11-00A0C91BC942}") = "triangle", "triangle\triangle.vcxproj", "{9FC78400-921E-4EF4-AD22-EFA71A9B24E3}"
EndProject
Project("{8BC9CEB8-8B4A-11D0-8D11-00A0C91BC942}") = "rectangle", "rectangle\rectangle.vcxproj", "{C6DAE955-7735-4E14-8863-C3064C69BC3E}"
EndProject
Global
	GlobalSection(SolutionConfigurationPlatforms) = preSolution
		Debug|x64 = Debug|x64
		Debug|x86 = Debug|x86
		Release|x64 = Release|x64
		Release|x86 = Release|x86
	EndGlobalSection
	GlobalSection(ProjectConfigurationPlatforms) = postSolution
		{9FC78400-921E-4EF4-AD22-EFA71A9B24E3}.Debug|x64.ActiveCfg = Debug|x64
		{9FC78400-921E-4EF4-AD22-EFA71A9B24E3}.Debug|x64.Build.0 = Debug|x64
		{9FC78400-921E-4EF4-AD22-EFA71A9B24E3}.Debug|x86.ActiveCfg = Debug|Win32
		{9FC78400-921E-4EF4-AD22-EFA71A9B24E3}.Debug|x86.Build.0 = Debug|Win32
		{9FC78400-921E-4EF4-AD22-EFA71A9B24E3}.Release|x64.ActiveCfg = Release|x64
		{9FC78400-921E-4EF4-AD22-EFA71A9B24E3}.Release|x64.Build.0 = Release|x64
		{9FC78400-921E-4EF4-AD22-EFA71A9B24E3}.Release|x86.ActiveCfg = Release|Win32
		{9FC78400-921E-4EF4-AD22-EFA71A9B24E3}.Release|x86.Build.0 = Release|Win32
		{C6DAE955-7735-4E14-8863-C3064C69BC3E}.Debug|x64.ActiveCfg = Debug|x64
		{C6DAE955-7735-4E14-8863-C3064C69BC3E}.Debug|x64.Build.0 = Debug|x64
		{C6DAE955-7735-4E14-8863-C3064C69BC3E}.Debug|x86.ActiveCfg = Debug|Win32
		{C6DAE955-7735-4E14-8863-C3064C69BC3E}.Debug|x86.Build.0 = Debug|Win32
		{C6DAE955-7735-4E14-8863-C3064C69BC3E}.Release|x64.ActiveCfg = Release|x64
		{C6DAE955-7735-4E14-8863-C3064C69BC3E}.Release|x64.Build.0 = Release|x64
		{C6DAE955-7735-4E14-8863-C3064C69BC3E}.Release|x86.ActiveCfg = Release|Win32
		{C6DAE955-7735-4E14-8863-C3064C69BC3E}.Release|x86.Build.0 = Release|Win32
	EndGlobalSection
	GlobalSection(SolutionProperties) = preSolution
		HideSolutionNode = FALSE
	EndGlobalSection
	GlobalSection(ExtensibilityGlobals) = postSolution
		SolutionGuid = {69B319F2-B215-427D-AC0C-0FC428C2830B}
	EndGlobalSection
EndGlobal
