
Microsoft Visual Studio Solution File, Format Version 12.00
# Visual Studio 15
VisualStudioVersion = 15.0.28010.2026
MinimumVisualStudioVersion = 10.0.40219.1
Project("{8BC9CEB8-8B4A-11D0-8D11-00A0C91BC942}") = "triangle", "triangle\triangle.vcxproj", "{9FC78400-921E-4EF4-AD22-EFA71A9B24E3}"
EndProject
Project("{8BC9CEB8-8B4A-11D0-8D11-00A0C91BC942}") = "rectangle", "rectangle\rectangle.vcxproj", "{C6DAE955-7735-4E14-8863-C3064C69BC3E}"
EndProject
Project("{8BC9CEB8-8B4A-11D0-8D11-00A0C91BC942}") = "twotriangles", "twotriangles\twotriangles.vcxproj", "{EE53D15B-B497-434A-AE22-F3B843636B55}"
EndProject
Project("{8BC9CEB8-8B4A-11D0-8D11-00A0C91BC942}") = "twoindependenttriangles", "twoindependenttriangles\twoindependenttriangles.vcxproj", "{6D8893E9-C3D5-4292-B776-D2E558623591}"
EndProject
Project("{8BC9CEB8-8B4A-11D0-8D11-00A0C91BC942}") = "coloredtriangle", "coloredtriangle\coloredtriangle.vcxproj", "{F5C7C4F1-1C4F-4D5A-AD3C-A42AC29938C5}"
EndProject
Project("{8BC9CEB8-8B4A-11D0-8D11-00A0C91BC942}") = "changingtriangle", "changingtriangle\changingtriangle.vcxproj", "{DD7082A8-CF60-40BD-9800-14EE60EEA9B1}"
EndProject
Global
	GlobalSection(SolutionConfigurationPlatforms) = preSolution
		Debug|x64 = Debug|x64
		Debug|x86 = Debug|x86
		Release|x64 = Release|x64
		Release|x86 = Release|x86
	EndGlobalSection
	GlobalSection(ProjectConfigurationPlatforms) = postSolution
		{9FC78400-921E-4EF4-AD22-EFA71A9B24E3}.Debug|x64.ActiveCfg = Debug|x64
		{9FC78400-921E-4EF4-AD22-EFA71A9B24E3}.Debug|x64.Build.0 = Debug|x64
		{9FC78400-921E-4EF4-AD22-EFA71A9B24E3}.Debug|x86.ActiveCfg = Debug|Win32
		{9FC78400-921E-4EF4-AD22-EFA71A9B24E3}.Debug|x86.Build.0 = Debug|Win32
		{9FC78400-921E-4EF4-AD22-EFA71A9B24E3}.Release|x64.ActiveCfg = Release|x64
		{9FC78400-921E-4EF4-AD22-EFA71A9B24E3}.Release|x64.Build.0 = Release|x64
		{9FC78400-921E-4EF4-AD22-EFA71A9B24E3}.Release|x86.ActiveCfg = Release|Win32
		{9FC78400-921E-4EF4-AD22-EFA71A9B24E3}.Release|x86.Build.0 = Release|Win32
		{C6DAE955-7735-4E14-8863-C3064C69BC3E}.Debug|x64.ActiveCfg = Debug|x64
		{C6DAE955-7735-4E14-8863-C3064C69BC3E}.Debug|x64.Build.0 = Debug|x64
		{C6DAE955-7735-4E14-8863-C3064C69BC3E}.Debug|x86.ActiveCfg = Debug|Win32
		{C6DAE955-7735-4E14-8863-C3064C69BC3E}.Debug|x86.Build.0 = Debug|Win32
		{C6DAE955-7735-4E14-8863-C3064C69BC3E}.Release|x64.ActiveCfg = Release|x64
		{C6DAE955-7735-4E14-8863-C3064C69BC3E}.Release|x64.Build.0 = Release|x64
		{C6DAE955-7735-4E14-8863-C3064C69BC3E}.Release|x86.ActiveCfg = Release|Win32
		{C6DAE955-7735-4E14-8863-C3064C69BC3E}.Release|x86.Build.0 = Release|Win32
		{EE53D15B-B497-434A-AE22-F3B843636B55}.Debug|x64.ActiveCfg = Debug|x64
		{EE53D15B-B497-434A-AE22-F3B843636B55}.Debug|x64.Build.0 = Debug|x64
		{EE53D15B-B497-434A-AE22-F3B843636B55}.Debug|x86.ActiveCfg = Debug|Win32
		{EE53D15B-B497-434A-AE22-F3B843636B55}.Debug|x86.Build.0 = Debug|Win32
		{EE53D15B-B497-434A-AE22-F3B843636B55}.Release|x64.ActiveCfg = Release|x64
		{EE53D15B-B497-434A-AE22-F3B843636B55}.Release|x64.Build.0 = Release|x64
		{EE53D15B-B497-434A-AE22-F3B843636B55}.Release|x86.ActiveCfg = Release|Win32
		{EE53D15B-B497-434A-AE22-F3B843636B55}.Release|x86.Build.0 = Release|Win32
		{6D8893E9-C3D5-4292-B776-D2E558623591}.Debug|x64.ActiveCfg = Debug|x64
		{6D8893E9-C3D5-4292-B776-D2E558623591}.Debug|x64.Build.0 = Debug|x64
		{6D8893E9-C3D5-4292-B776-D2E558623591}.Debug|x86.ActiveCfg = Debug|Win32
		{6D8893E9-C3D5-4292-B776-D2E558623591}.Debug|x86.Build.0 = Debug|Win32
		{6D8893E9-C3D5-4292-B776-D2E558623591}.Release|x64.ActiveCfg = Release|x64
		{6D8893E9-C3D5-4292-B776-D2E558623591}.Release|x64.Build.0 = Release|x64
		{6D8893E9-C3D5-4292-B776-D2E558623591}.Release|x86.ActiveCfg = Release|Win32
		{6D8893E9-C3D5-4292-B776-D2E558623591}.Release|x86.Build.0 = Release|Win32
		{F5C7C4F1-1C4F-4D5A-AD3C-A42AC29938C5}.Debug|x64.ActiveCfg = Debug|x64
		{F5C7C4F1-1C4F-4D5A-AD3C-A42AC29938C5}.Debug|x64.Build.0 = Debug|x64
		{F5C7C4F1-1C4F-4D5A-AD3C-A42AC29938C5}.Debug|x86.ActiveCfg = Debug|Win32
		{F5C7C4F1-1C4F-4D5A-AD3C-A42AC29938C5}.Debug|x86.Build.0 = Debug|Win32
		{F5C7C4F1-1C4F-4D5A-AD3C-A42AC29938C5}.Release|x64.ActiveCfg = Release|x64
		{F5C7C4F1-1C4F-4D5A-AD3C-A42AC29938C5}.Release|x64.Build.0 = Release|x64
		{F5C7C4F1-1C4F-4D5A-AD3C-A42AC29938C5}.Release|x86.ActiveCfg = Release|Win32
		{F5C7C4F1-1C4F-4D5A-AD3C-A42AC29938C5}.Release|x86.Build.0 = Release|Win32
		{DD7082A8-CF60-40BD-9800-14EE60EEA9B1}.Debug|x64.ActiveCfg = Debug|x64
		{DD7082A8-CF60-40BD-9800-14EE60EEA9B1}.Debug|x64.Build.0 = Debug|x64
		{DD7082A8-CF60-40BD-9800-14EE60EEA9B1}.Debug|x86.ActiveCfg = Debug|Win32
		{DD7082A8-CF60-40BD-9800-14EE60EEA9B1}.Debug|x86.Build.0 = Debug|Win32
		{DD7082A8-CF60-40BD-9800-14EE60EEA9B1}.Release|x64.ActiveCfg = Release|x64
		{DD7082A8-CF60-40BD-9800-14EE60EEA9B1}.Release|x64.Build.0 = Release|x64
		{DD7082A8-CF60-40BD-9800-14EE60EEA9B1}.Release|x86.ActiveCfg = Release|Win32
		{DD7082A8-CF60-40BD-9800-14EE60EEA9B1}.Release|x86.Build.0 = Release|Win32
	EndGlobalSection
	GlobalSection(SolutionProperties) = preSolution
		HideSolutionNode = FALSE
	EndGlobalSection
	GlobalSection(ExtensibilityGlobals) = postSolution
		SolutionGuid = {69B319F2-B215-427D-AC0C-0FC428C2830B}
	EndGlobalSection
EndGlobal
